
Microsoft Visual Studio Solution File, Format Version 12.00
# Visual Studio 15
VisualStudioVersion = 15.0.27703.2042
MinimumVisualStudioVersion = 10.0.40219.1
Project("{FAE04EC0-301F-11D3-BF4B-00C04F79EFBC}") = "Room.Booking.WebAPI", "Room.Booking.WebAPI\Room.Booking.WebAPI.csproj", "{98A3FD1E-10D1-464B-BDF6-80FAD8CAF9A8}"
EndProject
Project("{FAE04EC0-301F-11D3-BF4B-00C04F79EFBC}") = "Room.Booking.Common", "Room.Booking.Common\Room.Booking.Common.csproj", "{55D319BA-777E-4492-8FF4-5EE80EDCB380}"
EndProject
Project("{FAE04EC0-301F-11D3-BF4B-00C04F79EFBC}") = "Room.Booking.Entities", "Room.Booking.Entities\Room.Booking.Entities.csproj", "{8DD168F0-65D1-4B2D-B1E7-06722A85E2A3}"
EndProject
Project("{FAE04EC0-301F-11D3-BF4B-00C04F79EFBC}") = "Room.Booking.Business", "Room.Booking.Business\Room.Booking.Business.csproj", "{BD4FAC85-3A6B-41AA-8C50-AE3B4E0076E2}"
EndProject
Project("{FAE04EC0-301F-11D3-BF4B-00C04F79EFBC}") = "Room.Booking.DAL", "Room.Booking.DAL\Room.Booking.DAL.csproj", "{1FAB1E1E-3D50-4C6B-8DC4-18015F1E24B8}"
EndProject
Project("{2150E333-8FDC-42A3-9474-1A3956D46DE8}") = "Test", "Test", "{DFA159CC-117D-44CC-AEA7-50AA8DDC59E7}"
EndProject
Project("{FAE04EC0-301F-11D3-BF4B-00C04F79EFBC}") = "Room.Booking.WebAPI.Test", "Room.Booking.WebAPI.Test\Room.Booking.WebAPI.Test.csproj", "{6C877597-30A3-46B5-AA18-8D2D09C8194E}"
EndProject
Project("{00D1A9C2-B5F0-4AF3-8072-F6C62B433612}") = "Room.booking.DB", "Room.booking.DB\Room.booking.DB.sqlproj", "{59B171F5-5D00-4A36-AC86-4900788187F1}"
EndProject
Project("{FAE04EC0-301F-11D3-BF4B-00C04F79EFBC}") = "Room.Booking.WebApp", "Room.Booking.WebApp\Room.Booking.WebApp.csproj", "{EF3BC67B-C1B4-4F82-AFFE-5E2007B213AD}"
EndProject
Global
	GlobalSection(SolutionConfigurationPlatforms) = preSolution
		Debug|Any CPU = Debug|Any CPU
		Release|Any CPU = Release|Any CPU
	EndGlobalSection
	GlobalSection(ProjectConfigurationPlatforms) = postSolution
		{98A3FD1E-10D1-464B-BDF6-80FAD8CAF9A8}.Debug|Any CPU.ActiveCfg = Debug|Any CPU
		{98A3FD1E-10D1-464B-BDF6-80FAD8CAF9A8}.Debug|Any CPU.Build.0 = Debug|Any CPU
		{98A3FD1E-10D1-464B-BDF6-80FAD8CAF9A8}.Release|Any CPU.ActiveCfg = Release|Any CPU
		{98A3FD1E-10D1-464B-BDF6-80FAD8CAF9A8}.Release|Any CPU.Build.0 = Release|Any CPU
		{55D319BA-777E-4492-8FF4-5EE80EDCB380}.Debug|Any CPU.ActiveCfg = Debug|Any CPU
		{55D319BA-777E-4492-8FF4-5EE80EDCB380}.Debug|Any CPU.Build.0 = Debug|Any CPU
		{55D319BA-777E-4492-8FF4-5EE80EDCB380}.Release|Any CPU.ActiveCfg = Release|Any CPU
		{55D319BA-777E-4492-8FF4-5EE80EDCB380}.Release|Any CPU.Build.0 = Release|Any CPU
		{8DD168F0-65D1-4B2D-B1E7-06722A85E2A3}.Debug|Any CPU.ActiveCfg = Debug|Any CPU
		{8DD168F0-65D1-4B2D-B1E7-06722A85E2A3}.Debug|Any CPU.Build.0 = Debug|Any CPU
		{8DD168F0-65D1-4B2D-B1E7-06722A85E2A3}.Release|Any CPU.ActiveCfg = Release|Any CPU
		{8DD168F0-65D1-4B2D-B1E7-06722A85E2A3}.Release|Any CPU.Build.0 = Release|Any CPU
		{BD4FAC85-3A6B-41AA-8C50-AE3B4E0076E2}.Debug|Any CPU.ActiveCfg = Debug|Any CPU
		{BD4FAC85-3A6B-41AA-8C50-AE3B4E0076E2}.Debug|Any CPU.Build.0 = Debug|Any CPU
		{BD4FAC85-3A6B-41AA-8C50-AE3B4E0076E2}.Release|Any CPU.ActiveCfg = Release|Any CPU
		{BD4FAC85-3A6B-41AA-8C50-AE3B4E0076E2}.Release|Any CPU.Build.0 = Release|Any CPU
		{1FAB1E1E-3D50-4C6B-8DC4-18015F1E24B8}.Debug|Any CPU.ActiveCfg = Debug|Any CPU
		{1FAB1E1E-3D50-4C6B-8DC4-18015F1E24B8}.Debug|Any CPU.Build.0 = Debug|Any CPU
		{1FAB1E1E-3D50-4C6B-8DC4-18015F1E24B8}.Release|Any CPU.ActiveCfg = Release|Any CPU
		{1FAB1E1E-3D50-4C6B-8DC4-18015F1E24B8}.Release|Any CPU.Build.0 = Release|Any CPU
		{6C877597-30A3-46B5-AA18-8D2D09C8194E}.Debug|Any CPU.ActiveCfg = Debug|Any CPU
		{6C877597-30A3-46B5-AA18-8D2D09C8194E}.Debug|Any CPU.Build.0 = Debug|Any CPU
		{6C877597-30A3-46B5-AA18-8D2D09C8194E}.Release|Any CPU.ActiveCfg = Release|Any CPU
		{6C877597-30A3-46B5-AA18-8D2D09C8194E}.Release|Any CPU.Build.0 = Release|Any CPU
		{59B171F5-5D00-4A36-AC86-4900788187F1}.Debug|Any CPU.ActiveCfg = Debug|Any CPU
		{59B171F5-5D00-4A36-AC86-4900788187F1}.Debug|Any CPU.Build.0 = Debug|Any CPU
		{59B171F5-5D00-4A36-AC86-4900788187F1}.Debug|Any CPU.Deploy.0 = Debug|Any CPU
		{59B171F5-5D00-4A36-AC86-4900788187F1}.Release|Any CPU.ActiveCfg = Release|Any CPU
		{59B171F5-5D00-4A36-AC86-4900788187F1}.Release|Any CPU.Build.0 = Release|Any CPU
		{59B171F5-5D00-4A36-AC86-4900788187F1}.Release|Any CPU.Deploy.0 = Release|Any CPU
		{EF3BC67B-C1B4-4F82-AFFE-5E2007B213AD}.Debug|Any CPU.ActiveCfg = Debug|Any CPU
		{EF3BC67B-C1B4-4F82-AFFE-5E2007B213AD}.Debug|Any CPU.Build.0 = Debug|Any CPU
		{EF3BC67B-C1B4-4F82-AFFE-5E2007B213AD}.Release|Any CPU.ActiveCfg = Release|Any CPU
		{EF3BC67B-C1B4-4F82-AFFE-5E2007B213AD}.Release|Any CPU.Build.0 = Release|Any CPU
	EndGlobalSection
	GlobalSection(SolutionProperties) = preSolution
		HideSolutionNode = FALSE
	EndGlobalSection
	GlobalSection(NestedProjects) = preSolution
		{6C877597-30A3-46B5-AA18-8D2D09C8194E} = {DFA159CC-117D-44CC-AEA7-50AA8DDC59E7}
	EndGlobalSection
	GlobalSection(ExtensibilityGlobals) = postSolution
		SolutionGuid = {7D4DFF9F-4568-4A8F-9F81-AB80038F3F97}
	EndGlobalSection
EndGlobal
